
Microsoft Visual Studio Solution File, Format Version 9.00
# Visual Studio 2005
Project("{8BC9CEB8-8B4A-11D0-8D11-00A0C91BC942}") = "Equation", "Equation\Equation.vcproj", "{43A774C4-C307-4832-8CC8-CF21B3AB187C}"
EndProject
Global
	GlobalSection(SolutionConfigurationPlatforms) = preSolution
		Debug|Win32 = Debug|Win32
		Release|Win32 = Release|Win32
	EndGlobalSection
	GlobalSection(ProjectConfigurationPlatforms) = postSolution
		{43A774C4-C307-4832-8CC8-CF21B3AB187C}.Debug|Win32.ActiveCfg = Debug|Win32
		{43A774C4-C307-4832-8CC8-CF21B3AB187C}.Debug|Win32.Build.0 = Debug|Win32
		{43A774C4-C307-4832-8CC8-CF21B3AB187C}.Release|Win32.ActiveCfg = Release|Win32
		{43A774C4-C307-4832-8CC8-CF21B3AB187C}.Release|Win32.Build.0 = Release|Win32
	EndGlobalSection
	GlobalSection(SolutionProperties) = preSolution
		HideSolutionNode = FALSE
	EndGlobalSection
EndGlobal
